
Microsoft Visual Studio Solution File, Format Version 12.00
# Visual Studio Version 16
VisualStudioVersion = 16.0.32126.315
MinimumVisualStudioVersion = 10.0.40219.1
Project("{FAE04EC0-301F-11D3-BF4B-00C04F79EFBC}") = "Tema 02 - RESTful API", "Tema 02 - RESTful API\Tema 02 - RESTful API.csproj", "{976B1735-7181-4735-BAA0-D4BAA5501879}"
EndProject
Global
	GlobalSection(SolutionConfigurationPlatforms) = preSolution
		Debug|Any CPU = Debug|Any CPU
		Release|Any CPU = Release|Any CPU
	EndGlobalSection
	GlobalSection(ProjectConfigurationPlatforms) = postSolution
		{976B1735-7181-4735-BAA0-D4BAA5501879}.Debug|Any CPU.ActiveCfg = Debug|Any CPU
		{976B1735-7181-4735-BAA0-D4BAA5501879}.Debug|Any CPU.Build.0 = Debug|Any CPU
		{976B1735-7181-4735-BAA0-D4BAA5501879}.Release|Any CPU.ActiveCfg = Release|Any CPU
		{976B1735-7181-4735-BAA0-D4BAA5501879}.Release|Any CPU.Build.0 = Release|Any CPU
	EndGlobalSection
	GlobalSection(SolutionProperties) = preSolution
		HideSolutionNode = FALSE
	EndGlobalSection
	GlobalSection(ExtensibilityGlobals) = postSolution
		SolutionGuid = {4E116FE1-A678-433E-99DF-745C2192C221}
	EndGlobalSection
EndGlobal
